
Microsoft Visual Studio Solution File, Format Version 12.00
# Visual Studio Version 17
VisualStudioVersion = 17.4.33122.133
MinimumVisualStudioVersion = 10.0.40219.1
Project("{FAE04EC0-301F-11D3-BF4B-00C04F79EFBC}") = "QuanLySieuThi", "QuanLySieuThi\QuanLySieuThi.csproj", "{8D4FAA48-B769-4658-8082-6B3E9E66D766}"
EndProject
Global
	GlobalSection(SolutionConfigurationPlatforms) = preSolution
		Debug|Any CPU = Debug|Any CPU
		Debug|arm64 = Debug|arm64
		Debug|x86 = Debug|x86
		Release|Any CPU = Release|Any CPU
		Release|arm64 = Release|arm64
		Release|x86 = Release|x86
	EndGlobalSection
	GlobalSection(ProjectConfigurationPlatforms) = postSolution
		{8D4FAA48-B769-4658-8082-6B3E9E66D766}.Debug|Any CPU.ActiveCfg = Debug|Any CPU
		{8D4FAA48-B769-4658-8082-6B3E9E66D766}.Debug|Any CPU.Build.0 = Debug|Any CPU
		{8D4FAA48-B769-4658-8082-6B3E9E66D766}.Debug|arm64.ActiveCfg = Debug|Any CPU
		{8D4FAA48-B769-4658-8082-6B3E9E66D766}.Debug|arm64.Build.0 = Debug|Any CPU
		{8D4FAA48-B769-4658-8082-6B3E9E66D766}.Debug|x86.ActiveCfg = Debug|Any CPU
		{8D4FAA48-B769-4658-8082-6B3E9E66D766}.Debug|x86.Build.0 = Debug|Any CPU
		{8D4FAA48-B769-4658-8082-6B3E9E66D766}.Release|Any CPU.ActiveCfg = Release|Any CPU
		{8D4FAA48-B769-4658-8082-6B3E9E66D766}.Release|Any CPU.Build.0 = Release|Any CPU
		{8D4FAA48-B769-4658-8082-6B3E9E66D766}.Release|arm64.ActiveCfg = Release|Any CPU
		{8D4FAA48-B769-4658-8082-6B3E9E66D766}.Release|arm64.Build.0 = Release|Any CPU
		{8D4FAA48-B769-4658-8082-6B3E9E66D766}.Release|x86.ActiveCfg = Release|Any CPU
		{8D4FAA48-B769-4658-8082-6B3E9E66D766}.Release|x86.Build.0 = Release|Any CPU
	EndGlobalSection
	GlobalSection(SolutionProperties) = preSolution
		HideSolutionNode = FALSE
	EndGlobalSection
	GlobalSection(ExtensibilityGlobals) = postSolution
		SolutionGuid = {B7645093-AF57-4757-A35E-1EB758CB5C7E}
	EndGlobalSection
EndGlobal
